
Microsoft Visual Studio Solution File, Format Version 12.00
# Visual Studio Version 16
VisualStudioVersion = 16.0.30413.136
MinimumVisualStudioVersion = 10.0.40219.1
Project("{FAE04EC0-301F-11D3-BF4B-00C04F79EFBC}") = "Ladeskab", "Ladeskab\Ladeskab.csproj", "{8FB42C78-8821-496D-B56B-DAF2262C4294}"
EndProject
Project("{FAE04EC0-301F-11D3-BF4B-00C04F79EFBC}") = "Ladeskab.Test", "Ladeskab.Test\Ladeskab.Test.csproj", "{C3885F76-DE2A-4375-B697-C5B1FB9FB59B}"
EndProject
Global
	GlobalSection(SolutionConfigurationPlatforms) = preSolution
		Debug|Any CPU = Debug|Any CPU
		Release|Any CPU = Release|Any CPU
	EndGlobalSection
	GlobalSection(ProjectConfigurationPlatforms) = postSolution
		{8FB42C78-8821-496D-B56B-DAF2262C4294}.Debug|Any CPU.ActiveCfg = Debug|Any CPU
		{8FB42C78-8821-496D-B56B-DAF2262C4294}.Debug|Any CPU.Build.0 = Debug|Any CPU
		{8FB42C78-8821-496D-B56B-DAF2262C4294}.Release|Any CPU.ActiveCfg = Release|Any CPU
		{8FB42C78-8821-496D-B56B-DAF2262C4294}.Release|Any CPU.Build.0 = Release|Any CPU
		{C3885F76-DE2A-4375-B697-C5B1FB9FB59B}.Debug|Any CPU.ActiveCfg = Debug|Any CPU
		{C3885F76-DE2A-4375-B697-C5B1FB9FB59B}.Debug|Any CPU.Build.0 = Debug|Any CPU
		{C3885F76-DE2A-4375-B697-C5B1FB9FB59B}.Release|Any CPU.ActiveCfg = Release|Any CPU
		{C3885F76-DE2A-4375-B697-C5B1FB9FB59B}.Release|Any CPU.Build.0 = Release|Any CPU
	EndGlobalSection
	GlobalSection(SolutionProperties) = preSolution
		HideSolutionNode = FALSE
	EndGlobalSection
	GlobalSection(ExtensibilityGlobals) = postSolution
		SolutionGuid = {8C8700AE-1AA2-47F1-93F9-681E6EBAA31A}
	EndGlobalSection
EndGlobal
