
Microsoft Visual Studio Solution File, Format Version 12.00
# Visual Studio Version 16
VisualStudioVersion = 16.0.30413.136
MinimumVisualStudioVersion = 10.0.40219.1
Project("{FAE04EC0-301F-11D3-BF4B-00C04F79EFBC}") = "Ladeskab.Test", "Ladeskab.Test\Ladeskab.Test.csproj", "{C3885F76-DE2A-4375-B697-C5B1FB9FB59B}"
EndProject
Project("{9A19103F-16F7-4668-BE54-9A1E7A4F7556}") = "Ladeskab.Application", "Ladeskab.Application\Ladeskab.Application.csproj", "{6807A834-CDA0-4F49-B180-F9A57A52A501}"
EndProject
Project("{FAE04EC0-301F-11D3-BF4B-00C04F79EFBC}") = "Ladeskab", "Ladeskab\Ladeskab.csproj", "{D3839CA9-381F-47C9-9544-25A6F04D9447}"
EndProject
Global
	GlobalSection(SolutionConfigurationPlatforms) = preSolution
		Debug|Any CPU = Debug|Any CPU
		Release|Any CPU = Release|Any CPU
	EndGlobalSection
	GlobalSection(ProjectConfigurationPlatforms) = postSolution
		{C3885F76-DE2A-4375-B697-C5B1FB9FB59B}.Debug|Any CPU.ActiveCfg = Debug|Any CPU
		{C3885F76-DE2A-4375-B697-C5B1FB9FB59B}.Debug|Any CPU.Build.0 = Debug|Any CPU
		{C3885F76-DE2A-4375-B697-C5B1FB9FB59B}.Release|Any CPU.ActiveCfg = Release|Any CPU
		{C3885F76-DE2A-4375-B697-C5B1FB9FB59B}.Release|Any CPU.Build.0 = Release|Any CPU
		{6807A834-CDA0-4F49-B180-F9A57A52A501}.Debug|Any CPU.ActiveCfg = Debug|Any CPU
		{6807A834-CDA0-4F49-B180-F9A57A52A501}.Debug|Any CPU.Build.0 = Debug|Any CPU
		{6807A834-CDA0-4F49-B180-F9A57A52A501}.Release|Any CPU.ActiveCfg = Release|Any CPU
		{6807A834-CDA0-4F49-B180-F9A57A52A501}.Release|Any CPU.Build.0 = Release|Any CPU
		{D3839CA9-381F-47C9-9544-25A6F04D9447}.Debug|Any CPU.ActiveCfg = Debug|Any CPU
		{D3839CA9-381F-47C9-9544-25A6F04D9447}.Debug|Any CPU.Build.0 = Debug|Any CPU
		{D3839CA9-381F-47C9-9544-25A6F04D9447}.Release|Any CPU.ActiveCfg = Release|Any CPU
		{D3839CA9-381F-47C9-9544-25A6F04D9447}.Release|Any CPU.Build.0 = Release|Any CPU
	EndGlobalSection
	GlobalSection(SolutionProperties) = preSolution
		HideSolutionNode = FALSE
	EndGlobalSection
	GlobalSection(ExtensibilityGlobals) = postSolution
		SolutionGuid = {8C8700AE-1AA2-47F1-93F9-681E6EBAA31A}
	EndGlobalSection
EndGlobal
