
Microsoft Visual Studio Solution File, Format Version 12.00
# Visual Studio Version 16
VisualStudioVersion = 16.0.30413.136
MinimumVisualStudioVersion = 10.0.40219.1
Project("{FAE04EC0-301F-11D3-BF4B-00C04F79EFBC}") = "DoorControl", "DoorControl\DoorControl.csproj", "{C4775375-8773-41BC-980E-7A2AC79186FE}"
EndProject
Global
	GlobalSection(SolutionConfigurationPlatforms) = preSolution
		Debug|Any CPU = Debug|Any CPU
		Release|Any CPU = Release|Any CPU
	EndGlobalSection
	GlobalSection(ProjectConfigurationPlatforms) = postSolution
		{C4775375-8773-41BC-980E-7A2AC79186FE}.Debug|Any CPU.ActiveCfg = Debug|Any CPU
		{C4775375-8773-41BC-980E-7A2AC79186FE}.Debug|Any CPU.Build.0 = Debug|Any CPU
		{C4775375-8773-41BC-980E-7A2AC79186FE}.Release|Any CPU.ActiveCfg = Release|Any CPU
		{C4775375-8773-41BC-980E-7A2AC79186FE}.Release|Any CPU.Build.0 = Release|Any CPU
	EndGlobalSection
	GlobalSection(SolutionProperties) = preSolution
		HideSolutionNode = FALSE
	EndGlobalSection
	GlobalSection(ExtensibilityGlobals) = postSolution
		SolutionGuid = {F2902C5B-1FDA-46FE-B339-40CF092B9B08}
	EndGlobalSection
EndGlobal
