
Microsoft Visual Studio Solution File, Format Version 12.00
# Visual Studio Version 16
VisualStudioVersion = 16.0.30413.136
MinimumVisualStudioVersion = 10.0.40219.1
Project("{9A19103F-16F7-4668-BE54-9A1E7A4F7556}") = "Calculator.Test.Unit", "Calculator.Test.Unit\Calculator.Test.Unit.csproj", "{CAA01B30-0BF0-4954-9A51-E6299C0F6D26}"
EndProject
Project("{9A19103F-16F7-4668-BE54-9A1E7A4F7556}") = "Exercise6", "Exercise6\Exercise6.csproj", "{EB073747-1B14-4601-9B88-AD3D741CBB94}"
EndProject
Global
	GlobalSection(SolutionConfigurationPlatforms) = preSolution
		Debug|Any CPU = Debug|Any CPU
		Release|Any CPU = Release|Any CPU
	EndGlobalSection
	GlobalSection(ProjectConfigurationPlatforms) = postSolution
		{CAA01B30-0BF0-4954-9A51-E6299C0F6D26}.Debug|Any CPU.ActiveCfg = Debug|Any CPU
		{CAA01B30-0BF0-4954-9A51-E6299C0F6D26}.Debug|Any CPU.Build.0 = Debug|Any CPU
		{CAA01B30-0BF0-4954-9A51-E6299C0F6D26}.Release|Any CPU.ActiveCfg = Release|Any CPU
		{CAA01B30-0BF0-4954-9A51-E6299C0F6D26}.Release|Any CPU.Build.0 = Release|Any CPU
		{EB073747-1B14-4601-9B88-AD3D741CBB94}.Debug|Any CPU.ActiveCfg = Debug|Any CPU
		{EB073747-1B14-4601-9B88-AD3D741CBB94}.Debug|Any CPU.Build.0 = Debug|Any CPU
		{EB073747-1B14-4601-9B88-AD3D741CBB94}.Release|Any CPU.ActiveCfg = Release|Any CPU
		{EB073747-1B14-4601-9B88-AD3D741CBB94}.Release|Any CPU.Build.0 = Release|Any CPU
	EndGlobalSection
	GlobalSection(SolutionProperties) = preSolution
		HideSolutionNode = FALSE
	EndGlobalSection
	GlobalSection(ExtensibilityGlobals) = postSolution
		SolutionGuid = {5CF553BD-EB61-46B7-9ED6-BD41F75321F4}
	EndGlobalSection
EndGlobal
